<Solution>
  <Project Path="Boxophobic.Utils.Editor.csproj" />
  <Project Path="Unity.XR.Interaction.Toolkit.Samples.InteractionSimulator.csproj" />
  <Project Path="com.daburo.smoothshakefree.csproj" />
  <Project Path="Boxophobic.SkyboxCubemapExtended.Editor.csproj" />
  <Project Path="Unity.XR.Interaction.Toolkit.Samples.DeviceSimulator.csproj" />
  <Project Path="FitVR.MiniGames.Archery.csproj" />
  <Project Path="Unity.XR.Interaction.Toolkit.Samples.StarterAssets.csproj" />
  <Project Path="FitVR.Core.csproj" />
  <Project Path="Boxophobic.Utils.Scripts.csproj" />
  <Project Path="Assembly-CSharp.csproj" />
  <Project Path="FitVR.MiniGames.TableTennis.csproj" />
  <Project Path="VoxelLabs.UltimateThumbnails.Lib.csproj" />
  <Project Path="FitVR.Lobby.csproj" />
  <Project Path="Unity.XR.Interaction.Toolkit.Samples.StarterAssets.Editor.csproj" />
  <Project Path="Unity.XR.Interaction.Toolkit.Samples.InteractionSimulator.Editor.csproj" />
  <Project Path="FitVR.XR.csproj" />
  <Project Path="FitVR.MiniGames.Common.csproj" />
  <Project Path="FitVR.MiniGames.Boxing.csproj" />
  <Project Path="VoxelLabs.UltimateThumbnails.UIElements.csproj" />
</Solution>
